
Microsoft Visual Studio Solution File, Format Version 12.00
# Visual Studio 15
VisualStudioVersion = 15.0.26430.14
MinimumVisualStudioVersion = 10.0.40219.1
Project("{8BC9CEB8-8B4A-11D0-8D11-00A0C91BC942}") = "EX02H", "EX02H\EX02H.vcxproj", "{BFE9C148-8CEB-4BF1-8004-62C8829D8289}"
EndProject
Global
	GlobalSection(SolutionConfigurationPlatforms) = preSolution
		Debug|x86 = Debug|x86
		Release|x86 = Release|x86
	EndGlobalSection
	GlobalSection(ProjectConfigurationPlatforms) = postSolution
		{BFE9C148-8CEB-4BF1-8004-62C8829D8289}.Debug|x86.ActiveCfg = Debug|Win32
		{BFE9C148-8CEB-4BF1-8004-62C8829D8289}.Debug|x86.Build.0 = Debug|Win32
		{BFE9C148-8CEB-4BF1-8004-62C8829D8289}.Release|x86.ActiveCfg = Release|Win32
		{BFE9C148-8CEB-4BF1-8004-62C8829D8289}.Release|x86.Build.0 = Release|Win32
	EndGlobalSection
	GlobalSection(SolutionProperties) = preSolution
		HideSolutionNode = FALSE
	EndGlobalSection
	GlobalSection(ExtensibilityGlobals) = postSolution
		SolutionGuid = {A36545A6-DAAA-4856-BDB7-57C29F88BC6B}
	EndGlobalSection
EndGlobal
